
Microsoft Visual Studio Solution File, Format Version 12.00
# Visual Studio 14
VisualStudioVersion = 14.0.25123.0
MinimumVisualStudioVersion = 10.0.40219.1
Project("{FAE04EC0-301F-11D3-BF4B-00C04F79EFBC}") = "GyroPlayer.Windows.UI", "GyroPlayer.Windows.UI\GyroPlayer.Windows.UI.csproj", "{6CE8A6B4-E265-4A35-B73D-0E674E2C0C5E}"
EndProject
Project("{FAE04EC0-301F-11D3-BF4B-00C04F79EFBC}") = "GyroPlayer.Core.Interfaces", "GyroPlayer.Core.Interfaces\GyroPlayer.Core.Interfaces.csproj", "{1D552E88-8325-4A4D-8A76-835FAD9A1157}"
EndProject
Project("{FAE04EC0-301F-11D3-BF4B-00C04F79EFBC}") = "GyroPlayer.ViewModel", "GyroPlayer.ViewModel\GyroPlayer.ViewModel.csproj", "{DFD78B01-282B-433B-A58E-B1F620CF08F0}"
EndProject
Global
	GlobalSection(SolutionConfigurationPlatforms) = preSolution
		Debug|Any CPU = Debug|Any CPU
		Release|Any CPU = Release|Any CPU
	EndGlobalSection
	GlobalSection(ProjectConfigurationPlatforms) = postSolution
		{6CE8A6B4-E265-4A35-B73D-0E674E2C0C5E}.Debug|Any CPU.ActiveCfg = Debug|Any CPU
		{6CE8A6B4-E265-4A35-B73D-0E674E2C0C5E}.Debug|Any CPU.Build.0 = Debug|Any CPU
		{6CE8A6B4-E265-4A35-B73D-0E674E2C0C5E}.Release|Any CPU.ActiveCfg = Release|Any CPU
		{6CE8A6B4-E265-4A35-B73D-0E674E2C0C5E}.Release|Any CPU.Build.0 = Release|Any CPU
		{1D552E88-8325-4A4D-8A76-835FAD9A1157}.Debug|Any CPU.ActiveCfg = Debug|Any CPU
		{1D552E88-8325-4A4D-8A76-835FAD9A1157}.Debug|Any CPU.Build.0 = Debug|Any CPU
		{1D552E88-8325-4A4D-8A76-835FAD9A1157}.Release|Any CPU.ActiveCfg = Release|Any CPU
		{1D552E88-8325-4A4D-8A76-835FAD9A1157}.Release|Any CPU.Build.0 = Release|Any CPU
		{DFD78B01-282B-433B-A58E-B1F620CF08F0}.Debug|Any CPU.ActiveCfg = Debug|Any CPU
		{DFD78B01-282B-433B-A58E-B1F620CF08F0}.Debug|Any CPU.Build.0 = Debug|Any CPU
		{DFD78B01-282B-433B-A58E-B1F620CF08F0}.Release|Any CPU.ActiveCfg = Release|Any CPU
		{DFD78B01-282B-433B-A58E-B1F620CF08F0}.Release|Any CPU.Build.0 = Release|Any CPU
	EndGlobalSection
	GlobalSection(SolutionProperties) = preSolution
		HideSolutionNode = FALSE
	EndGlobalSection
EndGlobal
